
Microsoft Visual Studio Solution File, Format Version 12.00
Project("{FAE04EC0-301F-11D3-BF4B-00C04F79EFBC}") = "greenfil_backend", "greenfil_backend\greenfil_backend.csproj", "{0D88AB04-F218-4943-8836-E987B799A803}"
EndProject
Global
	GlobalSection(SolutionConfigurationPlatforms) = preSolution
		Debug|Any CPU = Debug|Any CPU
		Release|Any CPU = Release|Any CPU
	EndGlobalSection
	GlobalSection(ProjectConfigurationPlatforms) = postSolution
		{0D88AB04-F218-4943-8836-E987B799A803}.Debug|Any CPU.ActiveCfg = Debug|Any CPU
		{0D88AB04-F218-4943-8836-E987B799A803}.Debug|Any CPU.Build.0 = Debug|Any CPU
		{0D88AB04-F218-4943-8836-E987B799A803}.Release|Any CPU.ActiveCfg = Release|Any CPU
		{0D88AB04-F218-4943-8836-E987B799A803}.Release|Any CPU.Build.0 = Release|Any CPU
	EndGlobalSection
EndGlobal
